
Microsoft Visual Studio Solution File, Format Version 12.00
# Visual Studio Version 16
VisualStudioVersion = 16.0.30002.166
MinimumVisualStudioVersion = 10.0.40219.1
Project("{9A19103F-16F7-4668-BE54-9A1E7A4F7556}") = "Helper", "Helper\Helper.csproj", "{22F23E82-43FA-4C54-892F-15E4DAF06948}"
EndProject
Project("{9A19103F-16F7-4668-BE54-9A1E7A4F7556}") = "Helper.Utils", "Helper.Utils\Helper.Utils.csproj", "{4178F402-B05C-4C3C-B1DA-66F8BE772851}"
EndProject
Project("{9A19103F-16F7-4668-BE54-9A1E7A4F7556}") = "Helper.Jobs", "Helper.Jobs\Helper.Jobs.csproj", "{F30826EA-04C7-4A05-9ACD-23FEA8664847}"
EndProject
Project("{2150E333-8FDC-42A3-9474-1A3956D46DE8}") = "Tests", "Tests", "{A5F883C3-9E53-4061-A1F7-5EE7877CD93E}"
EndProject
Project("{FAE04EC0-301F-11D3-BF4B-00C04F79EFBC}") = "Helper.Tests", "Tests\Helper.Tests\Helper.Tests.csproj", "{9AD12B80-B8DE-4100-8CEB-6B0D4A3EAC33}"
EndProject
Global
	GlobalSection(SolutionConfigurationPlatforms) = preSolution
		Debug|Any CPU = Debug|Any CPU
		Release|Any CPU = Release|Any CPU
	EndGlobalSection
	GlobalSection(ProjectConfigurationPlatforms) = postSolution
		{22F23E82-43FA-4C54-892F-15E4DAF06948}.Debug|Any CPU.ActiveCfg = Debug|Any CPU
		{22F23E82-43FA-4C54-892F-15E4DAF06948}.Debug|Any CPU.Build.0 = Debug|Any CPU
		{22F23E82-43FA-4C54-892F-15E4DAF06948}.Release|Any CPU.ActiveCfg = Release|Any CPU
		{22F23E82-43FA-4C54-892F-15E4DAF06948}.Release|Any CPU.Build.0 = Release|Any CPU
		{4178F402-B05C-4C3C-B1DA-66F8BE772851}.Debug|Any CPU.ActiveCfg = Debug|Any CPU
		{4178F402-B05C-4C3C-B1DA-66F8BE772851}.Debug|Any CPU.Build.0 = Debug|Any CPU
		{4178F402-B05C-4C3C-B1DA-66F8BE772851}.Release|Any CPU.ActiveCfg = Release|Any CPU
		{4178F402-B05C-4C3C-B1DA-66F8BE772851}.Release|Any CPU.Build.0 = Release|Any CPU
		{F30826EA-04C7-4A05-9ACD-23FEA8664847}.Debug|Any CPU.ActiveCfg = Debug|Any CPU
		{F30826EA-04C7-4A05-9ACD-23FEA8664847}.Debug|Any CPU.Build.0 = Debug|Any CPU
		{F30826EA-04C7-4A05-9ACD-23FEA8664847}.Release|Any CPU.ActiveCfg = Release|Any CPU
		{F30826EA-04C7-4A05-9ACD-23FEA8664847}.Release|Any CPU.Build.0 = Release|Any CPU
		{9AD12B80-B8DE-4100-8CEB-6B0D4A3EAC33}.Debug|Any CPU.ActiveCfg = Debug|Any CPU
		{9AD12B80-B8DE-4100-8CEB-6B0D4A3EAC33}.Debug|Any CPU.Build.0 = Debug|Any CPU
		{9AD12B80-B8DE-4100-8CEB-6B0D4A3EAC33}.Release|Any CPU.ActiveCfg = Release|Any CPU
		{9AD12B80-B8DE-4100-8CEB-6B0D4A3EAC33}.Release|Any CPU.Build.0 = Release|Any CPU
	EndGlobalSection
	GlobalSection(SolutionProperties) = preSolution
		HideSolutionNode = FALSE
	EndGlobalSection
	GlobalSection(NestedProjects) = preSolution
		{9AD12B80-B8DE-4100-8CEB-6B0D4A3EAC33} = {A5F883C3-9E53-4061-A1F7-5EE7877CD93E}
	EndGlobalSection
	GlobalSection(ExtensibilityGlobals) = postSolution
		SolutionGuid = {F7199413-0515-4C99-B9F9-52C1F6F0DE86}
	EndGlobalSection
EndGlobal
